// !$*UTF8*$!
{
	archiveVersion = 1;
	classes = {
	};
	objectVersion = 50;
	objects = {

/* Begin PBXBuildFile section */
		DC1AC285087B28295B835BA0 /* Pods_Todoey.framework in Frameworks */ = {isa = PBXBuildFile; fileRef = F220CFE769B7BE4AAA3B4A54 /* Pods_Todoey.framework */; };
		F01CE027229F295200CB57EB /* CategoryViewController.swift in Sources */ = {isa = PBXBuildFile; fileRef = F01CE026229F295200CB57EB /* CategoryViewController.swift */; };
		F03BEA4E229D8AF400238F1B /* AppDelegate.swift in Sources */ = {isa = PBXBuildFile; fileRef = F03BEA4D229D8AF400238F1B /* AppDelegate.swift */; };
		F03BEA50229D8AF400238F1B /* TodoListViewController.swift in Sources */ = {isa = PBXBuildFile; fileRef = F03BEA4F229D8AF400238F1B /* TodoListViewController.swift */; };
		F03BEA53229D8AF400238F1B /* Main.storyboard in Resources */ = {isa = PBXBuildFile; fileRef = F03BEA51229D8AF400238F1B /* Main.storyboard */; };
		F03BEA55229D8AF500238F1B /* Assets.xcassets in Resources */ = {isa = PBXBuildFile; fileRef = F03BEA54229D8AF500238F1B /* Assets.xcassets */; };
		F03BEA58229D8AF500238F1B /* LaunchScreen.storyboard in Resources */ = {isa = PBXBuildFile; fileRef = F03BEA56229D8AF500238F1B /* LaunchScreen.storyboard */; };
		F0D5621222A2C88000738402 /* Item.swift in Sources */ = {isa = PBXBuildFile; fileRef = F0D5621122A2C88000738402 /* Item.swift */; };
		F0D5621622A2C8A700738402 /* Category.swift in Sources */ = {isa = PBXBuildFile; fileRef = F0D5621522A2C8A700738402 /* Category.swift */; };
/* End PBXBuildFile section */

/* Begin PBXFileReference section */
		8590A02E9879453D9835826C /* Pods-Todoey.release.xcconfig */ = {isa = PBXFileReference; includeInIndex = 1; lastKnownFileType = text.xcconfig; name = "Pods-Todoey.release.xcconfig"; path = "Pods/Target Support Files/Pods-Todoey/Pods-Todoey.release.xcconfig"; sourceTree = "<group>"; };
		C5A03E73A12E21EF9B1ED8E9 /* Pods-Todoey.debug.xcconfig */ = {isa = PBXFileReference; includeInIndex = 1; lastKnownFileType = text.xcconfig; name = "Pods-Todoey.debug.xcconfig"; path = "Pods/Target Support Files/Pods-Todoey/Pods-Todoey.debug.xcconfig"; sourceTree = "<group>"; };
		F01CE026229F295200CB57EB /* CategoryViewController.swift */ = {isa = PBXFileReference; lastKnownFileType = sourcecode.swift; path = CategoryViewController.swift; sourceTree = "<group>"; };
		F03BEA4A229D8AF400238F1B /* Todoey.app */ = {isa = PBXFileReference; explicitFileType = wrapper.application; includeInIndex = 0; path = Todoey.app; sourceTree = BUILT_PRODUCTS_DIR; };
		F03BEA4D229D8AF400238F1B /* AppDelegate.swift */ = {isa = PBXFileReference; lastKnownFileType = sourcecode.swift; path = AppDelegate.swift; sourceTree = "<group>"; };
		F03BEA4F229D8AF400238F1B /* TodoListViewController.swift */ = {isa = PBXFileReference; lastKnownFileType = sourcecode.swift; path = TodoListViewController.swift; sourceTree = "<group>"; };
		F03BEA52229D8AF400238F1B /* Base */ = {isa = PBXFileReference; lastKnownFileType = file.storyboard; name = Base; path = Base.lproj/Main.storyboard; sourceTree = "<group>"; };
		F03BEA54229D8AF500238F1B /* Assets.xcassets */ = {isa = PBXFileReference; lastKnownFileType = folder.assetcatalog; path = Assets.xcassets; sourceTree = "<group>"; };
		F03BEA57229D8AF500238F1B /* Base */ = {isa = PBXFileReference; lastKnownFileType = file.storyboard; name = Base; path = Base.lproj/LaunchScreen.storyboard; sourceTree = "<group>"; };
		F03BEA59229D8AF500238F1B /* Info.plist */ = {isa = PBXFileReference; lastKnownFileType = text.plist.xml; path = Info.plist; sourceTree = "<group>"; };
		F0D5621122A2C88000738402 /* Item.swift */ = {isa = PBXFileReference; lastKnownFileType = sourcecode.swift; path = Item.swift; sourceTree = "<group>"; };
		F0D5621522A2C8A700738402 /* Category.swift */ = {isa = PBXFileReference; lastKnownFileType = sourcecode.swift; name = Category.swift; path = "/Users/joelgeorges/Desktop/Todoey/Todoey/Data Model/Category.swift"; sourceTree = "<absolute>"; };
		F220CFE769B7BE4AAA3B4A54 /* Pods_Todoey.framework */ = {isa = PBXFileReference; explicitFileType = wrapper.framework; includeInIndex = 0; path = Pods_Todoey.framework; sourceTree = BUILT_PRODUCTS_DIR; };
/* End PBXFileReference section */

/* Begin PBXFrameworksBuildPhase section */
		F03BEA47229D8AF400238F1B /* Frameworks */ = {
			isa = PBXFrameworksBuildPhase;
			buildActionMask = 2147483647;
			files = (
				DC1AC285087B28295B835BA0 /* Pods_Todoey.framework in Frameworks */,
			);
			runOnlyForDeploymentPostprocessing = 0;
		};
/* End PBXFrameworksBuildPhase section */

/* Begin PBXGroup section */
		54C104ED9BE4E3FA11089783 /* Frameworks */ = {
			isa = PBXGroup;
			children = (
				F220CFE769B7BE4AAA3B4A54 /* Pods_Todoey.framework */,
			);
			name = Frameworks;
			sourceTree = "<group>";
		};
		D2A53CE26B295C5DFA3C0ABF /* Pods */ = {
			isa = PBXGroup;
			children = (
				C5A03E73A12E21EF9B1ED8E9 /* Pods-Todoey.debug.xcconfig */,
				8590A02E9879453D9835826C /* Pods-Todoey.release.xcconfig */,
			);
			name = Pods;
			sourceTree = "<group>";
		};
		F01CDFFE229EE9E000CB57EB /* Data Model */ = {
			isa = PBXGroup;
			children = (
				F0D5621522A2C8A700738402 /* Category.swift */,
				F0D5621122A2C88000738402 /* Item.swift */,
			);
			path = "Data Model";
			sourceTree = "<group>";
		};
		F01CDFFF229EE9E900CB57EB /* Controllers */ = {
			isa = PBXGroup;
			children = (
				F01CE026229F295200CB57EB /* CategoryViewController.swift */,
				F03BEA4F229D8AF400238F1B /* TodoListViewController.swift */,
			);
			path = Controllers;
			sourceTree = "<group>";
		};
		F01CE000229EE9F700CB57EB /* Views */ = {
			isa = PBXGroup;
			children = (
				F03BEA51229D8AF400238F1B /* Main.storyboard */,
			);
			path = Views;
			sourceTree = "<group>";
		};
		F01CE001229EEA0600CB57EB /* Supporting Files */ = {
			isa = PBXGroup;
			children = (
				F03BEA54229D8AF500238F1B /* Assets.xcassets */,
				F03BEA56229D8AF500238F1B /* LaunchScreen.storyboard */,
			);
			path = "Supporting Files";
			sourceTree = "<group>";
		};
		F03BEA41229D8AF400238F1B = {
			isa = PBXGroup;
			children = (
				F03BEA4C229D8AF400238F1B /* Todoey */,
				F03BEA4B229D8AF400238F1B /* Products */,
				D2A53CE26B295C5DFA3C0ABF /* Pods */,
				54C104ED9BE4E3FA11089783 /* Frameworks */,
			);
			sourceTree = "<group>";
		};
		F03BEA4B229D8AF400238F1B /* Products */ = {
			isa = PBXGroup;
			children = (
				F03BEA4A229D8AF400238F1B /* Todoey.app */,
			);
			name = Products;
			sourceTree = "<group>";
		};
		F03BEA4C229D8AF400238F1B /* Todoey */ = {
			isa = PBXGroup;
			children = (
				F03BEA4D229D8AF400238F1B /* AppDelegate.swift */,
				F01CDFFF229EE9E900CB57EB /* Controllers */,
				F01CDFFE229EE9E000CB57EB /* Data Model */,
				F01CE000229EE9F700CB57EB /* Views */,
				F01CE001229EEA0600CB57EB /* Supporting Files */,
				F03BEA59229D8AF500238F1B /* Info.plist */,
			);
			path = Todoey;
			sourceTree = "<group>";
		};
/* End PBXGroup section */

/* Begin PBXNativeTarget section */
		F03BEA49229D8AF400238F1B /* Todoey */ = {
			isa = PBXNativeTarget;
			buildConfigurationList = F03BEA5C229D8AF500238F1B /* Build configuration list for PBXNativeTarget "Todoey" */;
			buildPhases = (
				2503C302DB4215DDDB7B76F6 /* [CP] Check Pods Manifest.lock */,
				F03BEA46229D8AF400238F1B /* Sources */,
				F03BEA47229D8AF400238F1B /* Frameworks */,
				F03BEA48229D8AF400238F1B /* Resources */,
				8B920EC434EDC1E333CCD5AD /* [CP] Embed Pods Frameworks */,
			);
			buildRules = (
			);
			dependencies = (
			);
			name = Todoey;
			productName = Todoey;
			productReference = F03BEA4A229D8AF400238F1B /* Todoey.app */;
			productType = "com.apple.product-type.application";
		};
/* End PBXNativeTarget section */

/* Begin PBXProject section */
		F03BEA42229D8AF400238F1B /* Project object */ = {
			isa = PBXProject;
			attributes = {
				LastSwiftUpdateCheck = 1010;
				LastUpgradeCheck = 1010;
				ORGANIZATIONNAME = "Joel Georges";
				TargetAttributes = {
					F03BEA49229D8AF400238F1B = {
						CreatedOnToolsVersion = 10.1;
					};
				};
			};
			buildConfigurationList = F03BEA45229D8AF400238F1B /* Build configuration list for PBXProject "Todoey" */;
			compatibilityVersion = "Xcode 9.3";
			developmentRegion = en;
			hasScannedForEncodings = 0;
			knownRegions = (
				en,
				Base,
			);
			mainGroup = F03BEA41229D8AF400238F1B;
			productRefGroup = F03BEA4B229D8AF400238F1B /* Products */;
			projectDirPath = "";
			projectRoot = "";
			targets = (
				F03BEA49229D8AF400238F1B /* Todoey */,
			);
		};
/* End PBXProject section */

/* Begin PBXResourcesBuildPhase section */
		F03BEA48229D8AF400238F1B /* Resources */ = {
			isa = PBXResourcesBuildPhase;
			buildActionMask = 2147483647;
			files = (
				F03BEA58229D8AF500238F1B /* LaunchScreen.storyboard in Resources */,
				F03BEA55229D8AF500238F1B /* Assets.xcassets in Resources */,
				F03BEA53229D8AF400238F1B /* Main.storyboard in Resources */,
			);
			runOnlyForDeploymentPostprocessing = 0;
		};
/* End PBXResourcesBuildPhase section */

/* Begin PBXShellScriptBuildPhase section */
		2503C302DB4215DDDB7B76F6 /* [CP] Check Pods Manifest.lock */ = {
			isa = PBXShellScriptBuildPhase;
			buildActionMask = 2147483647;
			files = (
			);
			inputFileListPaths = (
			);
			inputPaths = (
				"${PODS_PODFILE_DIR_PATH}/Podfile.lock",
				"${PODS_ROOT}/Manifest.lock",
			);
			name = "[CP] Check Pods Manifest.lock";
			outputFileListPaths = (
			);
			outputPaths = (
				"$(DERIVED_FILE_DIR)/Pods-Todoey-checkManifestLockResult.txt",
			);
			runOnlyForDeploymentPostprocessing = 0;
			shellPath = /bin/sh;
			shellScript = "diff \"${PODS_PODFILE_DIR_PATH}/Podfile.lock\" \"${PODS_ROOT}/Manifest.lock\" > /dev/null\nif [ $? != 0 ] ; then\n    # print error to STDERR\n    echo \"error: The sandbox is not in sync with the Podfile.lock. Run 'pod install' or update your CocoaPods installation.\" >&2\n    exit 1\nfi\n# This output is used by Xcode 'outputs' to avoid re-running this script phase.\necho \"SUCCESS\" > \"${SCRIPT_OUTPUT_FILE_0}\"\n";
			showEnvVarsInLog = 0;
		};
		8B920EC434EDC1E333CCD5AD /* [CP] Embed Pods Frameworks */ = {
			isa = PBXShellScriptBuildPhase;
			buildActionMask = 2147483647;
			files = (
			);
			inputFileListPaths = (
			);
			inputPaths = (
				"${SRCROOT}/Pods/Target Support Files/Pods-Todoey/Pods-Todoey-frameworks.sh",
				"${BUILT_PRODUCTS_DIR}/Realm/Realm.framework",
				"${BUILT_PRODUCTS_DIR}/RealmSwift/RealmSwift.framework",
			);
			name = "[CP] Embed Pods Frameworks";
			outputFileListPaths = (
			);
			outputPaths = (
				"${TARGET_BUILD_DIR}/${FRAMEWORKS_FOLDER_PATH}/Realm.framework",
				"${TARGET_BUILD_DIR}/${FRAMEWORKS_FOLDER_PATH}/RealmSwift.framework",
			);
			runOnlyForDeploymentPostprocessing = 0;
			shellPath = /bin/sh;
			shellScript = "\"${SRCROOT}/Pods/Target Support Files/Pods-Todoey/Pods-Todoey-frameworks.sh\"\n";
			showEnvVarsInLog = 0;
		};
/* End PBXShellScriptBuildPhase section */

/* Begin PBXSourcesBuildPhase section */
		F03BEA46229D8AF400238F1B /* Sources */ = {
			isa = PBXSourcesBuildPhase;
			buildActionMask = 2147483647;
			files = (
				F0D5621222A2C88000738402 /* Item.swift in Sources */,
				F01CE027229F295200CB57EB /* CategoryViewController.swift in Sources */,
				F03BEA50229D8AF400238F1B /* TodoListViewController.swift in Sources */,
				F03BEA4E229D8AF400238F1B /* AppDelegate.swift in Sources */,
				F0D5621622A2C8A700738402 /* Category.swift in Sources */,
			);
			runOnlyForDeploymentPostprocessing = 0;
		};
/* End PBXSourcesBuildPhase section */

/* Begin PBXVariantGroup section */
		F03BEA51229D8AF400238F1B /* Main.storyboard */ = {
			isa = PBXVariantGroup;
			children = (
				F03BEA52229D8AF400238F1B /* Base */,
			);
			name = Main.storyboard;
			sourceTree = "<group>";
		};
		F03BEA56229D8AF500238F1B /* LaunchScreen.storyboard */ = {
			isa = PBXVariantGroup;
			children = (
				F03BEA57229D8AF500238F1B /* Base */,
			);
			name = LaunchScreen.storyboard;
			sourceTree = "<group>";
		};
/* End PBXVariantGroup section */

/* Begin XCBuildConfiguration section */
		F03BEA5A229D8AF500238F1B /* Debug */ = {
			isa = XCBuildConfiguration;
			buildSettings = {
				ALWAYS_SEARCH_USER_PATHS = NO;
				CLANG_ANALYZER_NONNULL = YES;
				CLANG_ANALYZER_NUMBER_OBJECT_CONVERSION = YES_AGGRESSIVE;
				CLANG_CXX_LANGUAGE_STANDARD = "gnu++14";
				CLANG_CXX_LIBRARY = "libc++";
				CLANG_ENABLE_MODULES = YES;
				CLANG_ENABLE_OBJC_ARC = YES;
				CLANG_ENABLE_OBJC_WEAK = YES;
				CLANG_WARN_BLOCK_CAPTURE_AUTORELEASING = YES;
				CLANG_WARN_BOOL_CONVERSION = YES;
				CLANG_WARN_COMMA = YES;
				CLANG_WARN_CONSTANT_CONVERSION = YES;
				CLANG_WARN_DEPRECATED_OBJC_IMPLEMENTATIONS = YES;
				CLANG_WARN_DIRECT_OBJC_ISA_USAGE = YES_ERROR;
				CLANG_WARN_DOCUMENTATION_COMMENTS = YES;
				CLANG_WARN_EMPTY_BODY = YES;
				CLANG_WARN_ENUM_CONVERSION = YES;
				CLANG_WARN_INFINITE_RECURSION = YES;
				CLANG_WARN_INT_CONVERSION = YES;
				CLANG_WARN_NON_LITERAL_NULL_CONVERSION = YES;
				CLANG_WARN_OBJC_IMPLICIT_RETAIN_SELF = YES;
				CLANG_WARN_OBJC_LITERAL_CONVERSION = YES;
				CLANG_WARN_OBJC_ROOT_CLASS = YES_ERROR;
				CLANG_WARN_RANGE_LOOP_ANALYSIS = YES;
				CLANG_WARN_STRICT_PROTOTYPES = YES;
				CLANG_WARN_SUSPICIOUS_MOVE = YES;
				CLANG_WARN_UNGUARDED_AVAILABILITY = YES_AGGRESSIVE;
				CLANG_WARN_UNREACHABLE_CODE = YES;
				CLANG_WARN__DUPLICATE_METHOD_MATCH = YES;
				CODE_SIGN_IDENTITY = "iPhone Developer";
				COPY_PHASE_STRIP = NO;
				DEBUG_INFORMATION_FORMAT = dwarf;
				ENABLE_STRICT_OBJC_MSGSEND = YES;
				ENABLE_TESTABILITY = YES;
				GCC_C_LANGUAGE_STANDARD = gnu11;
				GCC_DYNAMIC_NO_PIC = NO;
				GCC_NO_COMMON_BLOCKS = YES;
				GCC_OPTIMIZATION_LEVEL = 0;
				GCC_PREPROCESSOR_DEFINITIONS = (
					"DEBUG=1",
					"$(inherited)",
				);
				GCC_WARN_64_TO_32_BIT_CONVERSION = YES;
				GCC_WARN_ABOUT_RETURN_TYPE = YES_ERROR;
				GCC_WARN_UNDECLARED_SELECTOR = YES;
				GCC_WARN_UNINITIALIZED_AUTOS = YES_AGGRESSIVE;
				GCC_WARN_UNUSED_FUNCTION = YES;
				GCC_WARN_UNUSED_VARIABLE = YES;
				IPHONEOS_DEPLOYMENT_TARGET = 12.1;
				MTL_ENABLE_DEBUG_INFO = INCLUDE_SOURCE;
				MTL_FAST_MATH = YES;
				ONLY_ACTIVE_ARCH = YES;
				SDKROOT = iphoneos;
				SWIFT_ACTIVE_COMPILATION_CONDITIONS = DEBUG;
				SWIFT_OPTIMIZATION_LEVEL = "-Onone";
			};
			name = Debug;
		};
		F03BEA5B229D8AF500238F1B /* Release */ = {
			isa = XCBuildConfiguration;
			buildSettings = {
				ALWAYS_SEARCH_USER_PATHS = NO;
				CLANG_ANALYZER_NONNULL = YES;
				CLANG_ANALYZER_NUMBER_OBJECT_CONVERSION = YES_AGGRESSIVE;
				CLANG_CXX_LANGUAGE_STANDARD = "gnu++14";
				CLANG_CXX_LIBRARY = "libc++";
				CLANG_ENABLE_MODULES = YES;
				CLANG_ENABLE_OBJC_ARC = YES;
				CLANG_ENABLE_OBJC_WEAK = YES;
				CLANG_WARN_BLOCK_CAPTURE_AUTORELEASING = YES;
				CLANG_WARN_BOOL_CONVERSION = YES;
				CLANG_WARN_COMMA = YES;
				CLANG_WARN_CONSTANT_CONVERSION = YES;
				CLANG_WARN_DEPRECATED_OBJC_IMPLEMENTATIONS = YES;
				CLANG_WARN_DIRECT_OBJC_ISA_USAGE = YES_ERROR;
				CLANG_WARN_DOCUMENTATION_COMMENTS = YES;
				CLANG_WARN_EMPTY_BODY = YES;
				CLANG_WARN_ENUM_CONVERSION = YES;
				CLANG_WARN_INFINITE_RECURSION = YES;
				CLANG_WARN_INT_CONVERSION = YES;
				CLANG_WARN_NON_LITERAL_NULL_CONVERSION = YES;
				CLANG_WARN_OBJC_IMPLICIT_RETAIN_SELF = YES;
				CLANG_WARN_OBJC_LITERAL_CONVERSION = YES;
				CLANG_WARN_OBJC_ROOT_CLASS = YES_ERROR;
				CLANG_WARN_RANGE_LOOP_ANALYSIS = YES;
				CLANG_WARN_STRICT_PROTOTYPES = YES;
				CLANG_WARN_SUSPICIOUS_MOVE = YES;
				CLANG_WARN_UNGUARDED_AVAILABILITY = YES_AGGRESSIVE;
				CLANG_WARN_UNREACHABLE_CODE = YES;
				CLANG_WARN__DUPLICATE_METHOD_MATCH = YES;
				CODE_SIGN_IDENTITY = "iPhone Developer";
				COPY_PHASE_STRIP = NO;
				DEBUG_INFORMATION_FORMAT = "dwarf-with-dsym";
				ENABLE_NS_ASSERTIONS = NO;
				ENABLE_STRICT_OBJC_MSGSEND = YES;
				GCC_C_LANGUAGE_STANDARD = gnu11;
				GCC_NO_COMMON_BLOCKS = YES;
				GCC_WARN_64_TO_32_BIT_CONVERSION = YES;
				GCC_WARN_ABOUT_RETURN_TYPE = YES_ERROR;
				GCC_WARN_UNDECLARED_SELECTOR = YES;
				GCC_WARN_UNINITIALIZED_AUTOS = YES_AGGRESSIVE;
				GCC_WARN_UNUSED_FUNCTION = YES;
				GCC_WARN_UNUSED_VARIABLE = YES;
				IPHONEOS_DEPLOYMENT_TARGET = 12.1;
				MTL_ENABLE_DEBUG_INFO = NO;
				MTL_FAST_MATH = YES;
				SDKROOT = iphoneos;
				SWIFT_COMPILATION_MODE = wholemodule;
				SWIFT_OPTIMIZATION_LEVEL = "-O";
				VALIDATE_PRODUCT = YES;
			};
			name = Release;
		};
		F03BEA5D229D8AF500238F1B /* Debug */ = {
			isa = XCBuildConfiguration;
			baseConfigurationReference = C5A03E73A12E21EF9B1ED8E9 /* Pods-Todoey.debug.xcconfig */;
			buildSettings = {
				ASSETCATALOG_COMPILER_APPICON_NAME = AppIcon;
				CODE_SIGN_STYLE = Automatic;
				DEVELOPMENT_TEAM = CUYD49URHW;
				INFOPLIST_FILE = Todoey/Info.plist;
				LD_RUNPATH_SEARCH_PATHS = (
					"$(inherited)",
					"@executable_path/Frameworks",
				);
				PRODUCT_BUNDLE_IDENTIFIER = com.JoelGeorges.Todoey;
				PRODUCT_NAME = "$(TARGET_NAME)";
				SWIFT_VERSION = 4.2;
				TARGETED_DEVICE_FAMILY = "1,2";
			};
			name = Debug;
		};
		F03BEA5E229D8AF500238F1B /* Release */ = {
			isa = XCBuildConfiguration;
			baseConfigurationReference = 8590A02E9879453D9835826C /* Pods-Todoey.release.xcconfig */;
			buildSettings = {
				ASSETCATALOG_COMPILER_APPICON_NAME = AppIcon;
				CODE_SIGN_STYLE = Automatic;
				DEVELOPMENT_TEAM = CUYD49URHW;
				INFOPLIST_FILE = Todoey/Info.plist;
				LD_RUNPATH_SEARCH_PATHS = (
					"$(inherited)",
					"@executable_path/Frameworks",
				);
				PRODUCT_BUNDLE_IDENTIFIER = com.JoelGeorges.Todoey;
				PRODUCT_NAME = "$(TARGET_NAME)";
				SWIFT_VERSION = 4.2;
				TARGETED_DEVICE_FAMILY = "1,2";
			};
			name = Release;
		};
/* End XCBuildConfiguration section */

/* Begin XCConfigurationList section */
		F03BEA45229D8AF400238F1B /* Build configuration list for PBXProject "Todoey" */ = {
			isa = XCConfigurationList;
			buildConfigurations = (
				F03BEA5A229D8AF500238F1B /* Debug */,
				F03BEA5B229D8AF500238F1B /* Release */,
			);
			defaultConfigurationIsVisible = 0;
			defaultConfigurationName = Release;
		};
		F03BEA5C229D8AF500238F1B /* Build configuration list for PBXNativeTarget "Todoey" */ = {
			isa = XCConfigurationList;
			buildConfigurations = (
				F03BEA5D229D8AF500238F1B /* Debug */,
				F03BEA5E229D8AF500238F1B /* Release */,
			);
			defaultConfigurationIsVisible = 0;
			defaultConfigurationName = Release;
		};
/* End XCConfigurationList section */
	};
	rootObject = F03BEA42229D8AF400238F1B /* Project object */;
}
